{
    "name": "angular-environment",
    "version": "1.0.0",
    "lockfileVersion": 2,
    "requires": true,
    "packages": {
        "": {
            "name": "angular-environment",
            "version": "1.0.0",
            "license": "ISC",
            "dependencies": {
                "angular-server-side-configuration": "^0.2.0"
            }
        },
        "node_modules/angular-server-side-configuration": {
            "version": "0.2.1",
            "resolved": "https://registry.npmjs.org/angular-server-side-configuration/-/angular-server-side-configuration-0.2.1.tgz",
            "integrity": "sha512-R7UIywvlDBf/7jqb2pikatFrwigcRrrzTVVGrf4new1Smy5KzHcMf+OdaEoWz+EdDDJ76QksIpKbGhGXL7Vg8Q==",
            "dependencies": {
                "esm": "^3.0.84"
            }
        },
        "node_modules/esm": {
            "version": "3.2.25",
            "resolved": "https://registry.npmjs.org/esm/-/esm-3.2.25.tgz",
            "integrity": "sha512-U1suiZ2oDVWv4zPO56S0NcR5QriEahGtdN2OR6FiOG4WJvcjBVFB0qI4+eKoWFH483PKGuLuu6V8Z4T5g63UVA==",
            "engines": {
                "node": ">=6"
            }
        }
    },
    "dependencies": {
        "angular-server-side-configuration": {
            "version": "0.2.1",
            "resolved": "https://registry.npmjs.org/angular-server-side-configuration/-/angular-server-side-configuration-0.2.1.tgz",
            "integrity": "sha512-R7UIywvlDBf/7jqb2pikatFrwigcRrrzTVVGrf4new1Smy5KzHcMf+OdaEoWz+EdDDJ76QksIpKbGhGXL7Vg8Q==",
            "requires": {
                "esm": "^3.0.84"
            }
        },
        "esm": {
            "version": "3.2.25",
            "resolved": "https://registry.npmjs.org/esm/-/esm-3.2.25.tgz",
            "integrity": "sha512-U1suiZ2oDVWv4zPO56S0NcR5QriEahGtdN2OR6FiOG4WJvcjBVFB0qI4+eKoWFH483PKGuLuu6V8Z4T5g63UVA=="
        }
    }
}
